
Microsoft Visual Studio Solution File, Format Version 12.00
Project("{FAE04EC0-301F-11D3-BF4B-00C04F79EFBC}") = "QRGen", "QRGen\QRGen.csproj", "{71B000DA-7BF9-4BD9-8412-D1847956F75A}"
EndProject
Global
	GlobalSection(SolutionConfigurationPlatforms) = preSolution
		Debug|Any CPU = Debug|Any CPU
		Release|Any CPU = Release|Any CPU
	EndGlobalSection
	GlobalSection(ProjectConfigurationPlatforms) = postSolution
		{71B000DA-7BF9-4BD9-8412-D1847956F75A}.Debug|Any CPU.ActiveCfg = Debug|Any CPU
		{71B000DA-7BF9-4BD9-8412-D1847956F75A}.Debug|Any CPU.Build.0 = Debug|Any CPU
		{71B000DA-7BF9-4BD9-8412-D1847956F75A}.Release|Any CPU.ActiveCfg = Release|Any CPU
		{71B000DA-7BF9-4BD9-8412-D1847956F75A}.Release|Any CPU.Build.0 = Release|Any CPU
	EndGlobalSection
EndGlobal
